
Microsoft Visual Studio Solution File, Format Version 12.00
# Visual Studio Version 16
VisualStudioVersion = 16.0.29509.3
MinimumVisualStudioVersion = 10.0.40219.1
Project("{FAE04EC0-301F-11D3-BF4B-00C04F79EFBC}") = "SameLetterPatterns", "SameLetterPatterns.csproj", "{4277BA28-E24B-4FF6-B398-5A886A20E9F7}"
EndProject
Global
	GlobalSection(SolutionConfigurationPlatforms) = preSolution
		Debug|Any CPU = Debug|Any CPU
		Release|Any CPU = Release|Any CPU
	EndGlobalSection
	GlobalSection(ProjectConfigurationPlatforms) = postSolution
		{4277BA28-E24B-4FF6-B398-5A886A20E9F7}.Debug|Any CPU.ActiveCfg = Debug|Any CPU
		{4277BA28-E24B-4FF6-B398-5A886A20E9F7}.Debug|Any CPU.Build.0 = Debug|Any CPU
		{4277BA28-E24B-4FF6-B398-5A886A20E9F7}.Release|Any CPU.ActiveCfg = Release|Any CPU
		{4277BA28-E24B-4FF6-B398-5A886A20E9F7}.Release|Any CPU.Build.0 = Release|Any CPU
	EndGlobalSection
	GlobalSection(SolutionProperties) = preSolution
		HideSolutionNode = FALSE
	EndGlobalSection
	GlobalSection(ExtensibilityGlobals) = postSolution
		SolutionGuid = {BF773743-2775-4960-B7E2-9444B09D1C60}
	EndGlobalSection
EndGlobal
